
Microsoft Visual Studio Solution File, Format Version 12.00
Project("{FAE04EC0-301F-11D3-BF4B-00C04F79EFBC}") = "SWEN1.MTCG", "SWEN1.MTCG\SWEN1.MTCG.csproj", "{863D7E88-8F77-4B63-BBF4-C6C1CCF05E30}"
EndProject
Project("{FAE04EC0-301F-11D3-BF4B-00C04F79EFBC}") = "SWEN1.MTCG.ClassLibrary", "SWEN1.MTCG.ClassLibrary\SWEN1.MTCG.ClassLibrary.csproj", "{18849058-572E-467B-B725-9022768ACFAF}"
EndProject
Project("{FAE04EC0-301F-11D3-BF4B-00C04F79EFBC}") = "SWEN1.MTCG.Test", "SWEN1.MTCG.Test\SWEN1.MTCG.Test.csproj", "{B5BAC7B9-2EA7-4824-AEA4-BF498712EF51}"
EndProject
Global
	GlobalSection(SolutionConfigurationPlatforms) = preSolution
		Debug|Any CPU = Debug|Any CPU
		Release|Any CPU = Release|Any CPU
	EndGlobalSection
	GlobalSection(ProjectConfigurationPlatforms) = postSolution
		{863D7E88-8F77-4B63-BBF4-C6C1CCF05E30}.Debug|Any CPU.ActiveCfg = Debug|Any CPU
		{863D7E88-8F77-4B63-BBF4-C6C1CCF05E30}.Debug|Any CPU.Build.0 = Debug|Any CPU
		{863D7E88-8F77-4B63-BBF4-C6C1CCF05E30}.Release|Any CPU.ActiveCfg = Release|Any CPU
		{863D7E88-8F77-4B63-BBF4-C6C1CCF05E30}.Release|Any CPU.Build.0 = Release|Any CPU
		{18849058-572E-467B-B725-9022768ACFAF}.Debug|Any CPU.ActiveCfg = Debug|Any CPU
		{18849058-572E-467B-B725-9022768ACFAF}.Debug|Any CPU.Build.0 = Debug|Any CPU
		{18849058-572E-467B-B725-9022768ACFAF}.Release|Any CPU.ActiveCfg = Release|Any CPU
		{18849058-572E-467B-B725-9022768ACFAF}.Release|Any CPU.Build.0 = Release|Any CPU
		{B5BAC7B9-2EA7-4824-AEA4-BF498712EF51}.Debug|Any CPU.ActiveCfg = Debug|Any CPU
		{B5BAC7B9-2EA7-4824-AEA4-BF498712EF51}.Debug|Any CPU.Build.0 = Debug|Any CPU
		{B5BAC7B9-2EA7-4824-AEA4-BF498712EF51}.Release|Any CPU.ActiveCfg = Release|Any CPU
		{B5BAC7B9-2EA7-4824-AEA4-BF498712EF51}.Release|Any CPU.Build.0 = Release|Any CPU
	EndGlobalSection
EndGlobal
